{
  "version": "5",
  "specifiers": {
    "jsr:@std/assert@1": "1.0.18",
    "jsr:@std/internal@^1.0.12": "1.0.12",
    "jsr:@supabase/functions-js@*": "2.95.3",
    "jsr:@supabase/functions-js@2.4.4": "2.4.4",
    "jsr:@supabase/functions-js@^0.0.0-automated": "0.0.0-jsr-test.1",
    "jsr:@supabase/supabase-js@2": "2.95.3"
  },
  "jsr": {
    "@std/assert@1.0.18": {
      "integrity": "270245e9c2c13b446286de475131dc688ca9abcd94fc5db41d43a219b34d1c78",
      "dependencies": [
        "jsr:@std/internal"
      ]
    },
    "@std/internal@1.0.12": {
      "integrity": "972a634fd5bc34b242024402972cd5143eac68d8dffaca5eaa4dba30ce17b027"
    },
    "@supabase/functions-js@0.0.0-jsr-test.1": {
      "integrity": "b1b37924af1f0011b4753201e1585a37b030e996c6682492e02575eb27d902b2"
    },
    "@supabase/functions-js@2.4.4": {
      "integrity": "38456509a6e22fb116b118464cbb36357256f9048d3580632b63af91f63769f7"
    },
    "@supabase/functions-js@2.95.3": {
      "integrity": "cedb60df283f2d9dabf39655a8829f2c99d173e5e11a867c46e6987c59a1d582"
    },
    "@supabase/supabase-js@2.95.3": {
      "integrity": "25c43f7be5a6f62c093bab1e4a3f30f217424385e1641dabfe1d8725dda38634",
      "dependencies": [
        "jsr:@supabase/functions-js@^0.0.0-automated"
      ]
    }
  },
  "workspace": {
    "packageJson": {
      "dependencies": [
        "npm:@biomejs/biome@2.5.3",
        "npm:@changesets/changelog-github@0.7",
        "npm:@changesets/cli@^2.31.0",
        "npm:@electron-forge/cli@8.0.0-alpha.9",
        "npm:@electron-forge/maker-base@8.0.0-alpha.9",
        "npm:@electron-forge/maker-deb@8.0.0-alpha.9",
        "npm:@electron-forge/maker-rpm@8.0.0-alpha.9",
        "npm:@electron-forge/maker-squirrel@8.0.0-alpha.9",
        "npm:@electron-forge/maker-zip@8.0.0-alpha.9",
        "npm:@electron-forge/plugin-auto-unpack-natives@8.0.0-alpha.9",
        "npm:@electron-forge/plugin-fuses@8.0.0-alpha.9",
        "npm:@electron-forge/plugin-vite@8.0.0-alpha.9",
        "npm:@electron-forge/publisher-github@8.0.0-alpha.9",
        "npm:@electron-forge/shared-types@8.0.0-alpha.9",
        "npm:@electron/fuses@^2.1.2",
        "npm:@electron/rebuild@^4.0.4",
        "npm:@navali/poe1-divination-cards@^3.28.2",
        "npm:@playwright/test@^1.61.1",
        "npm:@redux-devtools/extension@4",
        "npm:@repere/react@~0.3.3",
        "npm:@sentry/electron@^7.15.0",
        "npm:@sentry/vite-plugin@^5.4.0",
        "npm:@supabase/supabase-js@^2.110.2",
        "npm:@tailwindcss/vite@^4.3.2",
        "npm:@tanstack/react-router-devtools@^1.167.0",
        "npm:@tanstack/react-router@^1.170.17",
        "npm:@tanstack/react-table@^8.21.3",
        "npm:@tanstack/router-plugin@^1.168.19",
        "npm:@testing-library/dom@10.4.1",
        "npm:@testing-library/jest-dom@^6.9.1",
        "npm:@testing-library/react@^16.3.2",
        "npm:@testing-library/user-event@^14.6.1",
        "npm:@types/better-sqlite3@^7.6.13",
        "npm:@types/electron-squirrel-startup@^1.0.2",
        "npm:@types/node@^24.13.2",
        "npm:@types/react-dom@^19.2.3",
        "npm:@types/react@^19.2.17",
        "npm:@vitejs/plugin-react@^6.0.3",
        "npm:@vitest/coverage-v8@^4.1.10",
        "npm:@vitest/ui@^4.1.10",
        "npm:app-builder-lib@26.15.3",
        "npm:better-sqlite3@^12.11.1",
        "npm:clsx@^2.1.1",
        "npm:cross-env@^10.1.0",
        "npm:daisyui@^5.6.18",
        "npm:dompurify@^3.4.12",
        "npm:electron-devtools-installer@4",
        "npm:electron-squirrel-startup@^1.0.1",
        "npm:electron@42.4.1",
        "npm:immer@^11.1.11",
        "npm:jsdom@^29.1.1",
        "npm:kysely@~0.29.3",
        "npm:motion@^12.42.2",
        "npm:react-dom@^19.2.7",
        "npm:react-icons@^5.7.0",
        "npm:react-markdown@^10.1.0",
        "npm:react@^19.2.7",
        "npm:rehype-raw@7",
        "npm:remark-gfm@^4.0.1",
        "npm:supabase@^2.109.1",
        "npm:tailwind-merge@^3.6.0",
        "npm:tailwindcss@^4.3.2",
        "npm:tslib@^2.8.1",
        "npm:typescript@^7.0.2",
        "npm:vite@^8.1.4",
        "npm:vitest@^4.1.10",
        "npm:zustand@^5.0.14"
      ]
    }
  }
}
