{
  "version": "5",
  "specifiers": {
    "jsr:@std/assert@1": "1.0.18",
    "jsr:@std/internal@^1.0.12": "1.0.12",
    "jsr:@supabase/functions-js@*": "2.95.3",
    "jsr:@supabase/functions-js@2.4.4": "2.4.4",
    "jsr:@supabase/functions-js@^0.0.0-automated": "0.0.0-jsr-test.1",
    "jsr:@supabase/supabase-js@2": "2.95.3"
  },
  "jsr": {
    "@std/assert@1.0.18": {
      "integrity": "270245e9c2c13b446286de475131dc688ca9abcd94fc5db41d43a219b34d1c78",
      "dependencies": [
        "jsr:@std/internal"
      ]
    },
    "@std/internal@1.0.12": {
      "integrity": "972a634fd5bc34b242024402972cd5143eac68d8dffaca5eaa4dba30ce17b027"
    },
    "@supabase/functions-js@0.0.0-jsr-test.1": {
      "integrity": "b1b37924af1f0011b4753201e1585a37b030e996c6682492e02575eb27d902b2"
    },
    "@supabase/functions-js@2.4.4": {
      "integrity": "38456509a6e22fb116b118464cbb36357256f9048d3580632b63af91f63769f7"
    },
    "@supabase/functions-js@2.95.3": {
      "integrity": "cedb60df283f2d9dabf39655a8829f2c99d173e5e11a867c46e6987c59a1d582"
    },
    "@supabase/supabase-js@2.95.3": {
      "integrity": "25c43f7be5a6f62c093bab1e4a3f30f217424385e1641dabfe1d8725dda38634",
      "dependencies": [
        "jsr:@supabase/functions-js@^0.0.0-automated"
      ]
    }
  },
  "workspace": {
    "packageJson": {
      "dependencies": [
        "npm:@biomejs/biome@2.4.10",
        "npm:@changesets/changelog-github@0.6",
        "npm:@changesets/cli@^2.30.0",
        "npm:@electron-forge/cli@^7.10.2",
        "npm:@electron-forge/maker-deb@^7.10.2",
        "npm:@electron-forge/maker-rpm@^7.10.2",
        "npm:@electron-forge/maker-squirrel@^7.10.2",
        "npm:@electron-forge/maker-zip@^7.10.2",
        "npm:@electron-forge/plugin-auto-unpack-natives@^7.10.2",
        "npm:@electron-forge/plugin-fuses@^7.10.2",
        "npm:@electron-forge/plugin-vite@^7.10.2",
        "npm:@electron-forge/publisher-github@^7.10.2",
        "npm:@electron/fuses@^2.1.1",
        "npm:@electron/rebuild@^4.0.3",
        "npm:@navali/poe1-divination-cards@^3.28.2",
        "npm:@playwright/test@^1.59.1",
        "npm:@redux-devtools/extension@4",
        "npm:@repere/react@~0.3.3",
        "npm:@sentry/electron@^7.10.0",
        "npm:@sentry/vite-plugin@^5.1.1",
        "npm:@supabase/supabase-js@^2.101.1",
        "npm:@tailwindcss/vite@^4.2.2",
        "npm:@tanstack/react-router-devtools@^1.166.11",
        "npm:@tanstack/react-router@^1.168.10",
        "npm:@tanstack/react-table@^8.21.3",
        "npm:@tanstack/router-plugin@^1.167.12",
        "npm:@testing-library/jest-dom@^6.9.1",
        "npm:@testing-library/react@^16.3.2",
        "npm:@testing-library/user-event@^14.6.1",
        "npm:@types/better-sqlite3@^7.6.13",
        "npm:@types/electron-squirrel-startup@^1.0.2",
        "npm:@types/react-dom@^19.2.3",
        "npm:@types/react@^19.2.14",
        "npm:@vitejs/plugin-react@^6.0.1",
        "npm:@vitest/coverage-v8@^4.0.18",
        "npm:@vitest/ui@^4.0.18",
        "npm:better-sqlite3@^12.8.0",
        "npm:clsx@^2.1.1",
        "npm:cross-env@^10.1.0",
        "npm:daisyui@^5.5.19",
        "npm:dompurify@^3.3.3",
        "npm:electron-devtools-installer@4",
        "npm:electron-squirrel-startup@^1.0.1",
        "npm:electron-store@^11.0.2",
        "npm:electron@41.1.1",
        "npm:immer@^11.1.4",
        "npm:jsdom@^29.0.1",
        "npm:kysely@~0.28.15",
        "npm:motion@^12.38.0",
        "npm:react-dom@^19.2.4",
        "npm:react-icons@^5.6.0",
        "npm:react-markdown@^10.1.0",
        "npm:react@^19.2.4",
        "npm:rehype-raw@7",
        "npm:remark-gfm@^4.0.1",
        "npm:supabase@^2.85.0",
        "npm:tailwind-merge@^3.5.0",
        "npm:tailwindcss@^4.2.2",
        "npm:tslib@^2.8.1",
        "npm:typescript@^6.0.2",
        "npm:vite-plugin-externalize-deps@0.10",
        "npm:vite@^8.0.5",
        "npm:vitest@^4.0.18",
        "npm:zustand@^5.0.12"
      ]
    }
  }
}
